
Microsoft Visual Studio Solution File, Format Version 12.00
# Visual Studio Version 17
VisualStudioVersion = 17.9.34622.214
MinimumVisualStudioVersion = 10.0.40219.1
Project("{2150E333-8FDC-42A3-9474-1A3956D46DE8}") = "API", "API", "{DABE7CE6-F11A-4DA5-9011-CEBD221D7496}"
EndProject
Project("{9A19103F-16F7-4668-BE54-9A1E7A4F7556}") = "EDUMITRA.API", "EDUMITRA.API\EDUMITRA.API.csproj", "{CBC09E85-047D-4DA1-A5FE-389D914C3794}"
EndProject
Project("{2150E333-8FDC-42A3-9474-1A3956D46DE8}") = "Helpers", "Helpers", "{0B9FADF7-8347-49B5-A432-64312313F8D7}"
EndProject
Project("{9A19103F-16F7-4668-BE54-9A1E7A4F7556}") = "EDUMITRA.Commonlib", "EDUMITRA.Commonlib\EDUMITRA.Commonlib.csproj", "{4BE74FA6-5E4E-4141-BDB6-EA00F93310ED}"
EndProject
Project("{9A19103F-16F7-4668-BE54-9A1E7A4F7556}") = "EDUMITRA.Logging", "EDUMITRA.Logging\EDUMITRA.Logging.csproj", "{72EB122E-C5E5-43B0-BDFB-80558078C9A9}"
EndProject
Project("{9A19103F-16F7-4668-BE54-9A1E7A4F7556}") = "EDUMITRA.Resource", "EDUMITRA.Resource\EDUMITRA.Resource.csproj", "{CE5D3AEB-F916-4A62-8740-6AB0AA230842}"
EndProject
Project("{2150E333-8FDC-42A3-9474-1A3956D46DE8}") = "MiddleTier", "MiddleTier", "{0DFD3EC1-A400-432F-9C4F-F1AE1DAE99BE}"
EndProject
Project("{9A19103F-16F7-4668-BE54-9A1E7A4F7556}") = "EDUMITRA.Configuration", "EDUMITRA.Configuration\EDUMITRA.Configuration.csproj", "{3F9AAC08-EFA1-4188-AE7E-76251DCE2ABE}"
EndProject
Project("{9A19103F-16F7-4668-BE54-9A1E7A4F7556}") = "EDUMITRA.Datamodel", "EDUMITRA.Datamodel\EDUMITRA.Datamodel.csproj", "{EFE42C57-9E51-48E3-8ACF-93377B2692CA}"
EndProject
Project("{2150E333-8FDC-42A3-9474-1A3956D46DE8}") = "Backend", "Backend", "{79F309BD-C97E-44A1-870B-623B2F1344D7}"
EndProject
Project("{9A19103F-16F7-4668-BE54-9A1E7A4F7556}") = "EDUMITRA.Provider", "EDUMITRA.Provider\EDUMITRA.Provider.csproj", "{2D13D15E-8220-435D-A283-464BF5A1B50A}"
EndProject
Project("{9A19103F-16F7-4668-BE54-9A1E7A4F7556}") = "EDUMITRA.Repository", "EDUMITRA.Repository\EDUMITRA.Repository.csproj", "{54869392-B75A-4EBA-8AF1-5934B86E052F}"
EndProject
Project("{FAE04EC0-301F-11D3-BF4B-00C04F79EFBC}") = "EDUMITRA.Database", "EDUMITRA.Database\EDUMITRA.Database.csproj", "{3E2CB336-2611-4F9B-83FE-6719587E71CD}"
EndProject
Global
	GlobalSection(SolutionConfigurationPlatforms) = preSolution
		Debug|Any CPU = Debug|Any CPU
		Release|Any CPU = Release|Any CPU
	EndGlobalSection
	GlobalSection(ProjectConfigurationPlatforms) = postSolution
		{CBC09E85-047D-4DA1-A5FE-389D914C3794}.Debug|Any CPU.ActiveCfg = Debug|Any CPU
		{CBC09E85-047D-4DA1-A5FE-389D914C3794}.Debug|Any CPU.Build.0 = Debug|Any CPU
		{CBC09E85-047D-4DA1-A5FE-389D914C3794}.Release|Any CPU.ActiveCfg = Release|Any CPU
		{CBC09E85-047D-4DA1-A5FE-389D914C3794}.Release|Any CPU.Build.0 = Release|Any CPU
		{4BE74FA6-5E4E-4141-BDB6-EA00F93310ED}.Debug|Any CPU.ActiveCfg = Debug|Any CPU
		{4BE74FA6-5E4E-4141-BDB6-EA00F93310ED}.Debug|Any CPU.Build.0 = Debug|Any CPU
		{4BE74FA6-5E4E-4141-BDB6-EA00F93310ED}.Release|Any CPU.ActiveCfg = Release|Any CPU
		{4BE74FA6-5E4E-4141-BDB6-EA00F93310ED}.Release|Any CPU.Build.0 = Release|Any CPU
		{72EB122E-C5E5-43B0-BDFB-80558078C9A9}.Debug|Any CPU.ActiveCfg = Debug|Any CPU
		{72EB122E-C5E5-43B0-BDFB-80558078C9A9}.Debug|Any CPU.Build.0 = Debug|Any CPU
		{72EB122E-C5E5-43B0-BDFB-80558078C9A9}.Release|Any CPU.ActiveCfg = Release|Any CPU
		{72EB122E-C5E5-43B0-BDFB-80558078C9A9}.Release|Any CPU.Build.0 = Release|Any CPU
		{CE5D3AEB-F916-4A62-8740-6AB0AA230842}.Debug|Any CPU.ActiveCfg = Debug|Any CPU
		{CE5D3AEB-F916-4A62-8740-6AB0AA230842}.Debug|Any CPU.Build.0 = Debug|Any CPU
		{CE5D3AEB-F916-4A62-8740-6AB0AA230842}.Release|Any CPU.ActiveCfg = Release|Any CPU
		{CE5D3AEB-F916-4A62-8740-6AB0AA230842}.Release|Any CPU.Build.0 = Release|Any CPU
		{3F9AAC08-EFA1-4188-AE7E-76251DCE2ABE}.Debug|Any CPU.ActiveCfg = Debug|Any CPU
		{3F9AAC08-EFA1-4188-AE7E-76251DCE2ABE}.Debug|Any CPU.Build.0 = Debug|Any CPU
		{3F9AAC08-EFA1-4188-AE7E-76251DCE2ABE}.Release|Any CPU.ActiveCfg = Release|Any CPU
		{3F9AAC08-EFA1-4188-AE7E-76251DCE2ABE}.Release|Any CPU.Build.0 = Release|Any CPU
		{EFE42C57-9E51-48E3-8ACF-93377B2692CA}.Debug|Any CPU.ActiveCfg = Debug|Any CPU
		{EFE42C57-9E51-48E3-8ACF-93377B2692CA}.Debug|Any CPU.Build.0 = Debug|Any CPU
		{EFE42C57-9E51-48E3-8ACF-93377B2692CA}.Release|Any CPU.ActiveCfg = Release|Any CPU
		{EFE42C57-9E51-48E3-8ACF-93377B2692CA}.Release|Any CPU.Build.0 = Release|Any CPU
		{2D13D15E-8220-435D-A283-464BF5A1B50A}.Debug|Any CPU.ActiveCfg = Debug|Any CPU
		{2D13D15E-8220-435D-A283-464BF5A1B50A}.Debug|Any CPU.Build.0 = Debug|Any CPU
		{2D13D15E-8220-435D-A283-464BF5A1B50A}.Release|Any CPU.ActiveCfg = Release|Any CPU
		{2D13D15E-8220-435D-A283-464BF5A1B50A}.Release|Any CPU.Build.0 = Release|Any CPU
		{54869392-B75A-4EBA-8AF1-5934B86E052F}.Debug|Any CPU.ActiveCfg = Debug|Any CPU
		{54869392-B75A-4EBA-8AF1-5934B86E052F}.Debug|Any CPU.Build.0 = Debug|Any CPU
		{54869392-B75A-4EBA-8AF1-5934B86E052F}.Release|Any CPU.ActiveCfg = Release|Any CPU
		{54869392-B75A-4EBA-8AF1-5934B86E052F}.Release|Any CPU.Build.0 = Release|Any CPU
		{3E2CB336-2611-4F9B-83FE-6719587E71CD}.Debug|Any CPU.ActiveCfg = Debug|Any CPU
		{3E2CB336-2611-4F9B-83FE-6719587E71CD}.Debug|Any CPU.Build.0 = Debug|Any CPU
		{3E2CB336-2611-4F9B-83FE-6719587E71CD}.Release|Any CPU.ActiveCfg = Release|Any CPU
		{3E2CB336-2611-4F9B-83FE-6719587E71CD}.Release|Any CPU.Build.0 = Release|Any CPU
	EndGlobalSection
	GlobalSection(SolutionProperties) = preSolution
		HideSolutionNode = FALSE
	EndGlobalSection
	GlobalSection(NestedProjects) = preSolution
		{CBC09E85-047D-4DA1-A5FE-389D914C3794} = {DABE7CE6-F11A-4DA5-9011-CEBD221D7496}
		{4BE74FA6-5E4E-4141-BDB6-EA00F93310ED} = {0B9FADF7-8347-49B5-A432-64312313F8D7}
		{72EB122E-C5E5-43B0-BDFB-80558078C9A9} = {0B9FADF7-8347-49B5-A432-64312313F8D7}
		{CE5D3AEB-F916-4A62-8740-6AB0AA230842} = {0B9FADF7-8347-49B5-A432-64312313F8D7}
		{3F9AAC08-EFA1-4188-AE7E-76251DCE2ABE} = {0DFD3EC1-A400-432F-9C4F-F1AE1DAE99BE}
		{EFE42C57-9E51-48E3-8ACF-93377B2692CA} = {0DFD3EC1-A400-432F-9C4F-F1AE1DAE99BE}
		{2D13D15E-8220-435D-A283-464BF5A1B50A} = {79F309BD-C97E-44A1-870B-623B2F1344D7}
		{54869392-B75A-4EBA-8AF1-5934B86E052F} = {79F309BD-C97E-44A1-870B-623B2F1344D7}
		{3E2CB336-2611-4F9B-83FE-6719587E71CD} = {79F309BD-C97E-44A1-870B-623B2F1344D7}
	EndGlobalSection
	GlobalSection(ExtensibilityGlobals) = postSolution
		SolutionGuid = {2C02EA0D-0245-437E-987E-C04CB05ADEB1}
	EndGlobalSection
EndGlobal
