
Microsoft Visual Studio Solution File, Format Version 12.00
# Visual Studio Version 17
VisualStudioVersion = 17.9.34622.214
MinimumVisualStudioVersion = 10.0.40219.1
Project("{2150E333-8FDC-42A3-9474-1A3956D46DE8}") = "API", "API", "{DABE7CE6-F11A-4DA5-9011-CEBD221D7496}"
EndProject
Project("{FAE04EC0-301F-11D3-BF4B-00C04F79EFBC}") = "EDUMITRA.API", "EDUMITRA.API\EDUMITRA.API.csproj", "{CBC09E85-047D-4DA1-A5FE-389D914C3794}"
EndProject
Global
	GlobalSection(SolutionConfigurationPlatforms) = preSolution
		Debug|Any CPU = Debug|Any CPU
		Release|Any CPU = Release|Any CPU
	EndGlobalSection
	GlobalSection(ProjectConfigurationPlatforms) = postSolution
		{CBC09E85-047D-4DA1-A5FE-389D914C3794}.Debug|Any CPU.ActiveCfg = Debug|Any CPU
		{CBC09E85-047D-4DA1-A5FE-389D914C3794}.Debug|Any CPU.Build.0 = Debug|Any CPU
		{CBC09E85-047D-4DA1-A5FE-389D914C3794}.Release|Any CPU.ActiveCfg = Release|Any CPU
		{CBC09E85-047D-4DA1-A5FE-389D914C3794}.Release|Any CPU.Build.0 = Release|Any CPU
	EndGlobalSection
	GlobalSection(SolutionProperties) = preSolution
		HideSolutionNode = FALSE
	EndGlobalSection
	GlobalSection(NestedProjects) = preSolution
		{CBC09E85-047D-4DA1-A5FE-389D914C3794} = {DABE7CE6-F11A-4DA5-9011-CEBD221D7496}
	EndGlobalSection
	GlobalSection(ExtensibilityGlobals) = postSolution
		SolutionGuid = {2C02EA0D-0245-437E-987E-C04CB05ADEB1}
	EndGlobalSection
EndGlobal
